
Microsoft Visual Studio Solution File, Format Version 12.00
# Visual Studio 15
VisualStudioVersion = 15.0.28307.572
MinimumVisualStudioVersion = 10.0.40219.1
Project("{FAE04EC0-301F-11D3-BF4B-00C04F79EFBC}") = "The Diamond in the rough", "The Diamond in the rough\The Diamond in the rough.csproj", "{B124AC4B-CA17-4490-B190-D7C0E1298AA5}"
EndProject
Global
	GlobalSection(SolutionConfigurationPlatforms) = preSolution
		Debug|Any CPU = Debug|Any CPU
		Release|Any CPU = Release|Any CPU
	EndGlobalSection
	GlobalSection(ProjectConfigurationPlatforms) = postSolution
		{B124AC4B-CA17-4490-B190-D7C0E1298AA5}.Debug|Any CPU.ActiveCfg = Debug|Any CPU
		{B124AC4B-CA17-4490-B190-D7C0E1298AA5}.Debug|Any CPU.Build.0 = Debug|Any CPU
		{B124AC4B-CA17-4490-B190-D7C0E1298AA5}.Release|Any CPU.ActiveCfg = Release|Any CPU
		{B124AC4B-CA17-4490-B190-D7C0E1298AA5}.Release|Any CPU.Build.0 = Release|Any CPU
	EndGlobalSection
	GlobalSection(SolutionProperties) = preSolution
		HideSolutionNode = FALSE
	EndGlobalSection
	GlobalSection(ExtensibilityGlobals) = postSolution
		SolutionGuid = {CD28404D-BDE9-4D6C-8F24-045C7EDBDAF0}
	EndGlobalSection
EndGlobal
